// !$*UTF8*$!
{
	archiveVersion = 1;
	classes = {
	};
	objectVersion = 56;
	objects = {

/* Begin PBXBuildFile section */
		F7191B712B5F77D2009D1735 /* ToDoItemsListViewControllerProtocolMock.swift in Sources */ = {isa = PBXBuildFile; fileRef = F7191B702B5F77D2009D1735 /* ToDoItemsListViewControllerProtocolMock.swift */; };
		F71DA17D2B6F4F5200EC6BF7 /* APIClient.swift in Sources */ = {isa = PBXBuildFile; fileRef = F71DA17C2B6F4F5200EC6BF7 /* APIClient.swift */; };
		F71DA17F2B6F4FA900EC6BF7 /* APIClientMock.swift in Sources */ = {isa = PBXBuildFile; fileRef = F71DA17E2B6F4FA900EC6BF7 /* APIClientMock.swift */; };
		F71DA1812B71D2AF00EC6BF7 /* ToDoItemInputViewDelegateMock.swift in Sources */ = {isa = PBXBuildFile; fileRef = F71DA1802B71D2AF00EC6BF7 /* ToDoItemInputViewDelegateMock.swift */; };
		F72F9F642B5981770025990F /* AppDelegate.swift in Sources */ = {isa = PBXBuildFile; fileRef = F72F9F632B5981770025990F /* AppDelegate.swift */; };
		F72F9F662B5981770025990F /* SceneDelegate.swift in Sources */ = {isa = PBXBuildFile; fileRef = F72F9F652B5981770025990F /* SceneDelegate.swift */; };
		F72F9F682B5981770025990F /* ViewController.swift in Sources */ = {isa = PBXBuildFile; fileRef = F72F9F672B5981770025990F /* ViewController.swift */; };
		F72F9F6B2B5981770025990F /* Main.storyboard in Resources */ = {isa = PBXBuildFile; fileRef = F72F9F692B5981770025990F /* Main.storyboard */; };
		F72F9F6D2B59818E0025990F /* Assets.xcassets in Resources */ = {isa = PBXBuildFile; fileRef = F72F9F6C2B59818E0025990F /* Assets.xcassets */; };
		F72F9F702B59818E0025990F /* LaunchScreen.storyboard in Resources */ = {isa = PBXBuildFile; fileRef = F72F9F6E2B59818E0025990F /* LaunchScreen.storyboard */; };
		F72F9F852B59818E0025990F /* ToDo_UIKitUITests.swift in Sources */ = {isa = PBXBuildFile; fileRef = F72F9F842B59818E0025990F /* ToDo_UIKitUITests.swift */; };
		F72F9F872B59818E0025990F /* ToDo_UIKitUITestsLaunchTests.swift in Sources */ = {isa = PBXBuildFile; fileRef = F72F9F862B59818E0025990F /* ToDo_UIKitUITestsLaunchTests.swift */; };
		F72F9F952B5B2A390025990F /* ToDoItemTests.swift in Sources */ = {isa = PBXBuildFile; fileRef = F72F9F942B5B2A390025990F /* ToDoItemTests.swift */; };
		F72F9F972B5B2ADD0025990F /* ToDoItem.swift in Sources */ = {isa = PBXBuildFile; fileRef = F72F9F962B5B2ADD0025990F /* ToDoItem.swift */; };
		F72F9F992B5B30A90025990F /* Location.swift in Sources */ = {isa = PBXBuildFile; fileRef = F72F9F982B5B30A90025990F /* Location.swift */; };
		F72F9F9B2B5B31950025990F /* LocationTests.swift in Sources */ = {isa = PBXBuildFile; fileRef = F72F9F9A2B5B31950025990F /* LocationTests.swift */; };
		F72F9F9D2B5C67ED0025990F /* ToDoItemStoreTests.swift in Sources */ = {isa = PBXBuildFile; fileRef = F72F9F9C2B5C67ED0025990F /* ToDoItemStoreTests.swift */; };
		F72F9F9F2B5C6B130025990F /* ToDoItemStore.swift in Sources */ = {isa = PBXBuildFile; fileRef = F72F9F9E2B5C6B130025990F /* ToDoItemStore.swift */; };
		F72F9FA12B5C9F6D0025990F /* Coordinate.swift in Sources */ = {isa = PBXBuildFile; fileRef = F72F9FA02B5C9F6D0025990F /* Coordinate.swift */; };
		F72F9FA32B5CA4110025990F /* FileManagerExtension.swift in Sources */ = {isa = PBXBuildFile; fileRef = F72F9FA22B5CA4110025990F /* FileManagerExtension.swift */; };
		F72F9FA52B5E17CF0025990F /* ToDoItemsListViewControllerTests.swift in Sources */ = {isa = PBXBuildFile; fileRef = F72F9FA42B5E17CF0025990F /* ToDoItemsListViewControllerTests.swift */; };
		F72F9FA92B5E189D0025990F /* ToDoItemsListViewController.swift in Sources */ = {isa = PBXBuildFile; fileRef = F72F9FA82B5E189D0025990F /* ToDoItemsListViewController.swift */; };
		F72F9FAB2B5E1D110025990F /* ToDoItemStoreProtocolMock.swift in Sources */ = {isa = PBXBuildFile; fileRef = F72F9FAA2B5E1D110025990F /* ToDoItemStoreProtocolMock.swift */; };
		F72F9FAD2B5E22050025990F /* ToDoItemCell.swift in Sources */ = {isa = PBXBuildFile; fileRef = F72F9FAC2B5E22050025990F /* ToDoItemCell.swift */; };
		F72F9FAF2B5E25800025990F /* ToDoItemCellTests.swift in Sources */ = {isa = PBXBuildFile; fileRef = F72F9FAE2B5E25800025990F /* ToDoItemCellTests.swift */; };
		F73D33192B75E26B009597FA /* APIClientTests.swift in Sources */ = {isa = PBXBuildFile; fileRef = F73D33182B75E26B009597FA /* APIClientTests.swift */; };
		F73D331B2B75E3C5009597FA /* GeoCoderProtocolMock.swift in Sources */ = {isa = PBXBuildFile; fileRef = F73D331A2B75E3C5009597FA /* GeoCoderProtocolMock.swift */; };
		F73D331D2B76FF30009597FA /* URLSessionProtocolMock.swift in Sources */ = {isa = PBXBuildFile; fileRef = F73D331C2B76FF30009597FA /* URLSessionProtocolMock.swift */; };
		F78A71342B621CFF006797F9 /* ToDoItemDetailsViewControllerTests.swift in Sources */ = {isa = PBXBuildFile; fileRef = F78A71332B621CFF006797F9 /* ToDoItemDetailsViewControllerTests.swift */; };
		F78A71362B621D64006797F9 /* ToDoItemDetailsViewController.swift in Sources */ = {isa = PBXBuildFile; fileRef = F78A71352B621D64006797F9 /* ToDoItemDetailsViewController.swift */; };
		F796B7552B6DF485008474E0 /* ToDoItemInputViewTests.swift in Sources */ = {isa = PBXBuildFile; fileRef = F796B7542B6DF485008474E0 /* ToDoItemInputViewTests.swift */; };
		F796B7572B6DF4F1008474E0 /* ToDoItemInputView.swift in Sources */ = {isa = PBXBuildFile; fileRef = F796B7562B6DF4F1008474E0 /* ToDoItemInputView.swift */; };
		F796B7592B6DF543008474E0 /* ToDoItemData.swift in Sources */ = {isa = PBXBuildFile; fileRef = F796B7582B6DF543008474E0 /* ToDoItemData.swift */; };
		F796B75C2B6DFA00008474E0 /* ViewInspector in Frameworks */ = {isa = PBXBuildFile; productRef = F796B75B2B6DFA00008474E0 /* ViewInspector */; };
/* End PBXBuildFile section */

/* Begin PBXContainerItemProxy section */
		F72F9F772B59818E0025990F /* PBXContainerItemProxy */ = {
			isa = PBXContainerItemProxy;
			containerPortal = F72F9F582B5981770025990F /* Project object */;
			proxyType = 1;
			remoteGlobalIDString = F72F9F5F2B5981770025990F;
			remoteInfo = "ToDo-UIKit";
		};
		F72F9F812B59818E0025990F /* PBXContainerItemProxy */ = {
			isa = PBXContainerItemProxy;
			containerPortal = F72F9F582B5981770025990F /* Project object */;
			proxyType = 1;
			remoteGlobalIDString = F72F9F5F2B5981770025990F;
			remoteInfo = "ToDo-UIKit";
		};
/* End PBXContainerItemProxy section */

/* Begin PBXFileReference section */
		F7191B702B5F77D2009D1735 /* ToDoItemsListViewControllerProtocolMock.swift */ = {isa = PBXFileReference; lastKnownFileType = sourcecode.swift; path = ToDoItemsListViewControllerProtocolMock.swift; sourceTree = "<group>"; };
		F71DA17C2B6F4F5200EC6BF7 /* APIClient.swift */ = {isa = PBXFileReference; lastKnownFileType = sourcecode.swift; path = APIClient.swift; sourceTree = "<group>"; };
		F71DA17E2B6F4FA900EC6BF7 /* APIClientMock.swift */ = {isa = PBXFileReference; lastKnownFileType = sourcecode.swift; path = APIClientMock.swift; sourceTree = "<group>"; };
		F71DA1802B71D2AF00EC6BF7 /* ToDoItemInputViewDelegateMock.swift */ = {isa = PBXFileReference; lastKnownFileType = sourcecode.swift; path = ToDoItemInputViewDelegateMock.swift; sourceTree = "<group>"; };
		F72F9F602B5981770025990F /* TDDToDo.app */ = {isa = PBXFileReference; explicitFileType = wrapper.application; includeInIndex = 0; path = TDDToDo.app; sourceTree = BUILT_PRODUCTS_DIR; };
		F72F9F632B5981770025990F /* AppDelegate.swift */ = {isa = PBXFileReference; lastKnownFileType = sourcecode.swift; path = AppDelegate.swift; sourceTree = "<group>"; };
		F72F9F652B5981770025990F /* SceneDelegate.swift */ = {isa = PBXFileReference; lastKnownFileType = sourcecode.swift; path = SceneDelegate.swift; sourceTree = "<group>"; };
		F72F9F672B5981770025990F /* ViewController.swift */ = {isa = PBXFileReference; lastKnownFileType = sourcecode.swift; path = ViewController.swift; sourceTree = "<group>"; };
		F72F9F6A2B5981770025990F /* Base */ = {isa = PBXFileReference; lastKnownFileType = file.storyboard; name = Base; path = Base.lproj/Main.storyboard; sourceTree = "<group>"; };
		F72F9F6C2B59818E0025990F /* Assets.xcassets */ = {isa = PBXFileReference; lastKnownFileType = folder.assetcatalog; path = Assets.xcassets; sourceTree = "<group>"; };
		F72F9F6F2B59818E0025990F /* Base */ = {isa = PBXFileReference; lastKnownFileType = file.storyboard; name = Base; path = Base.lproj/LaunchScreen.storyboard; sourceTree = "<group>"; };
		F72F9F712B59818E0025990F /* Info.plist */ = {isa = PBXFileReference; lastKnownFileType = text.plist.xml; path = Info.plist; sourceTree = "<group>"; };
		F72F9F762B59818E0025990F /* TDDToDoTests.xctest */ = {isa = PBXFileReference; explicitFileType = wrapper.cfbundle; includeInIndex = 0; path = TDDToDoTests.xctest; sourceTree = BUILT_PRODUCTS_DIR; };
		F72F9F802B59818E0025990F /* TDDToDoUITests.xctest */ = {isa = PBXFileReference; explicitFileType = wrapper.cfbundle; includeInIndex = 0; path = TDDToDoUITests.xctest; sourceTree = BUILT_PRODUCTS_DIR; };
		F72F9F842B59818E0025990F /* ToDo_UIKitUITests.swift */ = {isa = PBXFileReference; lastKnownFileType = sourcecode.swift; path = ToDo_UIKitUITests.swift; sourceTree = "<group>"; };
		F72F9F862B59818E0025990F /* ToDo_UIKitUITestsLaunchTests.swift */ = {isa = PBXFileReference; lastKnownFileType = sourcecode.swift; path = ToDo_UIKitUITestsLaunchTests.swift; sourceTree = "<group>"; };
		F72F9F932B5B285F0025990F /* TDDToDo.xctestplan */ = {isa = PBXFileReference; lastKnownFileType = text; path = TDDToDo.xctestplan; sourceTree = "<group>"; };
		F72F9F942B5B2A390025990F /* ToDoItemTests.swift */ = {isa = PBXFileReference; lastKnownFileType = sourcecode.swift; path = ToDoItemTests.swift; sourceTree = "<group>"; };
		F72F9F962B5B2ADD0025990F /* ToDoItem.swift */ = {isa = PBXFileReference; lastKnownFileType = sourcecode.swift; path = ToDoItem.swift; sourceTree = "<group>"; };
		F72F9F982B5B30A90025990F /* Location.swift */ = {isa = PBXFileReference; lastKnownFileType = sourcecode.swift; path = Location.swift; sourceTree = "<group>"; };
		F72F9F9A2B5B31950025990F /* LocationTests.swift */ = {isa = PBXFileReference; lastKnownFileType = sourcecode.swift; path = LocationTests.swift; sourceTree = "<group>"; };
		F72F9F9C2B5C67ED0025990F /* ToDoItemStoreTests.swift */ = {isa = PBXFileReference; lastKnownFileType = sourcecode.swift; path = ToDoItemStoreTests.swift; sourceTree = "<group>"; };
		F72F9F9E2B5C6B130025990F /* ToDoItemStore.swift */ = {isa = PBXFileReference; lastKnownFileType = sourcecode.swift; path = ToDoItemStore.swift; sourceTree = "<group>"; };
		F72F9FA02B5C9F6D0025990F /* Coordinate.swift */ = {isa = PBXFileReference; lastKnownFileType = sourcecode.swift; path = Coordinate.swift; sourceTree = "<group>"; };
		F72F9FA22B5CA4110025990F /* FileManagerExtension.swift */ = {isa = PBXFileReference; lastKnownFileType = sourcecode.swift; path = FileManagerExtension.swift; sourceTree = "<group>"; };
		F72F9FA42B5E17CF0025990F /* ToDoItemsListViewControllerTests.swift */ = {isa = PBXFileReference; lastKnownFileType = sourcecode.swift; path = ToDoItemsListViewControllerTests.swift; sourceTree = "<group>"; };
		F72F9FA82B5E189D0025990F /* ToDoItemsListViewController.swift */ = {isa = PBXFileReference; lastKnownFileType = sourcecode.swift; path = ToDoItemsListViewController.swift; sourceTree = "<group>"; };
		F72F9FAA2B5E1D110025990F /* ToDoItemStoreProtocolMock.swift */ = {isa = PBXFileReference; lastKnownFileType = sourcecode.swift; path = ToDoItemStoreProtocolMock.swift; sourceTree = "<group>"; };
		F72F9FAC2B5E22050025990F /* ToDoItemCell.swift */ = {isa = PBXFileReference; lastKnownFileType = sourcecode.swift; path = ToDoItemCell.swift; sourceTree = "<group>"; };
		F72F9FAE2B5E25800025990F /* ToDoItemCellTests.swift */ = {isa = PBXFileReference; lastKnownFileType = sourcecode.swift; path = ToDoItemCellTests.swift; sourceTree = "<group>"; };
		F73D33182B75E26B009597FA /* APIClientTests.swift */ = {isa = PBXFileReference; lastKnownFileType = sourcecode.swift; path = APIClientTests.swift; sourceTree = "<group>"; };
		F73D331A2B75E3C5009597FA /* GeoCoderProtocolMock.swift */ = {isa = PBXFileReference; lastKnownFileType = sourcecode.swift; path = GeoCoderProtocolMock.swift; sourceTree = "<group>"; };
		F73D331C2B76FF30009597FA /* URLSessionProtocolMock.swift */ = {isa = PBXFileReference; lastKnownFileType = sourcecode.swift; path = URLSessionProtocolMock.swift; sourceTree = "<group>"; };
		F78A71332B621CFF006797F9 /* ToDoItemDetailsViewControllerTests.swift */ = {isa = PBXFileReference; lastKnownFileType = sourcecode.swift; path = ToDoItemDetailsViewControllerTests.swift; sourceTree = "<group>"; };
		F78A71352B621D64006797F9 /* ToDoItemDetailsViewController.swift */ = {isa = PBXFileReference; lastKnownFileType = sourcecode.swift; path = ToDoItemDetailsViewController.swift; sourceTree = "<group>"; };
		F796B7542B6DF485008474E0 /* ToDoItemInputViewTests.swift */ = {isa = PBXFileReference; lastKnownFileType = sourcecode.swift; path = ToDoItemInputViewTests.swift; sourceTree = "<group>"; };
		F796B7562B6DF4F1008474E0 /* ToDoItemInputView.swift */ = {isa = PBXFileReference; lastKnownFileType = sourcecode.swift; path = ToDoItemInputView.swift; sourceTree = "<group>"; };
		F796B7582B6DF543008474E0 /* ToDoItemData.swift */ = {isa = PBXFileReference; lastKnownFileType = sourcecode.swift; path = ToDoItemData.swift; sourceTree = "<group>"; };
/* End PBXFileReference section */

/* Begin PBXFrameworksBuildPhase section */
		F72F9F5D2B5981770025990F /* Frameworks */ = {
			isa = PBXFrameworksBuildPhase;
			buildActionMask = 2147483647;
			files = (
			);
			runOnlyForDeploymentPostprocessing = 0;
		};
		F72F9F732B59818E0025990F /* Frameworks */ = {
			isa = PBXFrameworksBuildPhase;
			buildActionMask = 2147483647;
			files = (
				F796B75C2B6DFA00008474E0 /* ViewInspector in Frameworks */,
			);
			runOnlyForDeploymentPostprocessing = 0;
		};
		F72F9F7D2B59818E0025990F /* Frameworks */ = {
			isa = PBXFrameworksBuildPhase;
			buildActionMask = 2147483647;
			files = (
			);
			runOnlyForDeploymentPostprocessing = 0;
		};
/* End PBXFrameworksBuildPhase section */

/* Begin PBXGroup section */
		F72F9F572B5981770025990F = {
			isa = PBXGroup;
			children = (
				F72F9F932B5B285F0025990F /* TDDToDo.xctestplan */,
				F72F9F622B5981770025990F /* TDDToDo */,
				F72F9F792B59818E0025990F /* TDDToDoTests */,
				F72F9F832B59818E0025990F /* TDDToDoUITests */,
				F72F9F612B5981770025990F /* Products */,
			);
			sourceTree = "<group>";
		};
		F72F9F612B5981770025990F /* Products */ = {
			isa = PBXGroup;
			children = (
				F72F9F602B5981770025990F /* TDDToDo.app */,
				F72F9F762B59818E0025990F /* TDDToDoTests.xctest */,
				F72F9F802B59818E0025990F /* TDDToDoUITests.xctest */,
			);
			name = Products;
			sourceTree = "<group>";
		};
		F72F9F622B5981770025990F /* TDDToDo */ = {
			isa = PBXGroup;
			children = (
				F73D33132B75E198009597FA /* Extensions */,
				F73D33122B75E18B009597FA /* Networking */,
				F73D33112B75E16D009597FA /* Views */,
				F73D33102B75E14E009597FA /* Models */,
				F72F9F632B5981770025990F /* AppDelegate.swift */,
				F72F9F652B5981770025990F /* SceneDelegate.swift */,
				F72F9F672B5981770025990F /* ViewController.swift */,
				F72F9F692B5981770025990F /* Main.storyboard */,
				F72F9F6C2B59818E0025990F /* Assets.xcassets */,
				F72F9F6E2B59818E0025990F /* LaunchScreen.storyboard */,
				F72F9F712B59818E0025990F /* Info.plist */,
			);
			path = TDDToDo;
			sourceTree = "<group>";
		};
		F72F9F792B59818E0025990F /* TDDToDoTests */ = {
			isa = PBXGroup;
			children = (
				F73D33172B75E24F009597FA /* NetworkingTests */,
				F73D33162B75E21F009597FA /* Mocks */,
				F73D33152B75E20B009597FA /* ViewTests */,
				F73D33142B75E1EE009597FA /* ModelTests */,
			);
			path = TDDToDoTests;
			sourceTree = "<group>";
		};
		F72F9F832B59818E0025990F /* TDDToDoUITests */ = {
			isa = PBXGroup;
			children = (
				F72F9F842B59818E0025990F /* ToDo_UIKitUITests.swift */,
				F72F9F862B59818E0025990F /* ToDo_UIKitUITestsLaunchTests.swift */,
			);
			path = TDDToDoUITests;
			sourceTree = "<group>";
		};
		F73D33102B75E14E009597FA /* Models */ = {
			isa = PBXGroup;
			children = (
				F72F9F962B5B2ADD0025990F /* ToDoItem.swift */,
				F72F9F982B5B30A90025990F /* Location.swift */,
				F72F9F9E2B5C6B130025990F /* ToDoItemStore.swift */,
				F72F9FA02B5C9F6D0025990F /* Coordinate.swift */,
				F796B7582B6DF543008474E0 /* ToDoItemData.swift */,
			);
			path = Models;
			sourceTree = "<group>";
		};
		F73D33112B75E16D009597FA /* Views */ = {
			isa = PBXGroup;
			children = (
				F72F9FA82B5E189D0025990F /* ToDoItemsListViewController.swift */,
				F72F9FAC2B5E22050025990F /* ToDoItemCell.swift */,
				F78A71352B621D64006797F9 /* ToDoItemDetailsViewController.swift */,
				F796B7562B6DF4F1008474E0 /* ToDoItemInputView.swift */,
			);
			path = Views;
			sourceTree = "<group>";
		};
		F73D33122B75E18B009597FA /* Networking */ = {
			isa = PBXGroup;
			children = (
				F71DA17C2B6F4F5200EC6BF7 /* APIClient.swift */,
			);
			path = Networking;
			sourceTree = "<group>";
		};
		F73D33132B75E198009597FA /* Extensions */ = {
			isa = PBXGroup;
			children = (
				F72F9FA22B5CA4110025990F /* FileManagerExtension.swift */,
			);
			path = Extensions;
			sourceTree = "<group>";
		};
		F73D33142B75E1EE009597FA /* ModelTests */ = {
			isa = PBXGroup;
			children = (
				F72F9F942B5B2A390025990F /* ToDoItemTests.swift */,
				F72F9F9A2B5B31950025990F /* LocationTests.swift */,
				F72F9F9C2B5C67ED0025990F /* ToDoItemStoreTests.swift */,
			);
			path = ModelTests;
			sourceTree = "<group>";
		};
		F73D33152B75E20B009597FA /* ViewTests */ = {
			isa = PBXGroup;
			children = (
				F796B7542B6DF485008474E0 /* ToDoItemInputViewTests.swift */,
				F72F9FA42B5E17CF0025990F /* ToDoItemsListViewControllerTests.swift */,
				F78A71332B621CFF006797F9 /* ToDoItemDetailsViewControllerTests.swift */,
				F72F9FAE2B5E25800025990F /* ToDoItemCellTests.swift */,
			);
			path = ViewTests;
			sourceTree = "<group>";
		};
		F73D33162B75E21F009597FA /* Mocks */ = {
			isa = PBXGroup;
			children = (
				F71DA1802B71D2AF00EC6BF7 /* ToDoItemInputViewDelegateMock.swift */,
				F72F9FAA2B5E1D110025990F /* ToDoItemStoreProtocolMock.swift */,
				F71DA17E2B6F4FA900EC6BF7 /* APIClientMock.swift */,
				F7191B702B5F77D2009D1735 /* ToDoItemsListViewControllerProtocolMock.swift */,
				F73D331A2B75E3C5009597FA /* GeoCoderProtocolMock.swift */,
				F73D331C2B76FF30009597FA /* URLSessionProtocolMock.swift */,
			);
			path = Mocks;
			sourceTree = "<group>";
		};
		F73D33172B75E24F009597FA /* NetworkingTests */ = {
			isa = PBXGroup;
			children = (
				F73D33182B75E26B009597FA /* APIClientTests.swift */,
			);
			path = NetworkingTests;
			sourceTree = "<group>";
		};
/* End PBXGroup section */

/* Begin PBXNativeTarget section */
		F72F9F5F2B5981770025990F /* TDDToDo */ = {
			isa = PBXNativeTarget;
			buildConfigurationList = F72F9F8A2B59818E0025990F /* Build configuration list for PBXNativeTarget "TDDToDo" */;
			buildPhases = (
				F72F9F5C2B5981770025990F /* Sources */,
				F72F9F5D2B5981770025990F /* Frameworks */,
				F72F9F5E2B5981770025990F /* Resources */,
			);
			buildRules = (
			);
			dependencies = (
			);
			name = TDDToDo;
			packageProductDependencies = (
			);
			productName = "ToDo-UIKit";
			productReference = F72F9F602B5981770025990F /* TDDToDo.app */;
			productType = "com.apple.product-type.application";
		};
		F72F9F752B59818E0025990F /* TDDToDoTests */ = {
			isa = PBXNativeTarget;
			buildConfigurationList = F72F9F8D2B59818E0025990F /* Build configuration list for PBXNativeTarget "TDDToDoTests" */;
			buildPhases = (
				F72F9F722B59818E0025990F /* Sources */,
				F72F9F732B59818E0025990F /* Frameworks */,
				F72F9F742B59818E0025990F /* Resources */,
			);
			buildRules = (
			);
			dependencies = (
				F72F9F782B59818E0025990F /* PBXTargetDependency */,
			);
			name = TDDToDoTests;
			packageProductDependencies = (
				F796B75B2B6DFA00008474E0 /* ViewInspector */,
			);
			productName = "ToDo-UIKitTests";
			productReference = F72F9F762B59818E0025990F /* TDDToDoTests.xctest */;
			productType = "com.apple.product-type.bundle.unit-test";
		};
		F72F9F7F2B59818E0025990F /* TDDToDoUITests */ = {
			isa = PBXNativeTarget;
			buildConfigurationList = F72F9F902B59818E0025990F /* Build configuration list for PBXNativeTarget "TDDToDoUITests" */;
			buildPhases = (
				F72F9F7C2B59818E0025990F /* Sources */,
				F72F9F7D2B59818E0025990F /* Frameworks */,
				F72F9F7E2B59818E0025990F /* Resources */,
			);
			buildRules = (
			);
			dependencies = (
				F72F9F822B59818E0025990F /* PBXTargetDependency */,
			);
			name = TDDToDoUITests;
			productName = "ToDo-UIKitUITests";
			productReference = F72F9F802B59818E0025990F /* TDDToDoUITests.xctest */;
			productType = "com.apple.product-type.bundle.ui-testing";
		};
/* End PBXNativeTarget section */

/* Begin PBXProject section */
		F72F9F582B5981770025990F /* Project object */ = {
			isa = PBXProject;
			attributes = {
				BuildIndependentTargetsInParallel = 1;
				LastSwiftUpdateCheck = 1430;
				LastUpgradeCheck = 1430;
				TargetAttributes = {
					F72F9F5F2B5981770025990F = {
						CreatedOnToolsVersion = 14.3.1;
					};
					F72F9F752B59818E0025990F = {
						CreatedOnToolsVersion = 14.3.1;
						TestTargetID = F72F9F5F2B5981770025990F;
					};
					F72F9F7F2B59818E0025990F = {
						CreatedOnToolsVersion = 14.3.1;
						TestTargetID = F72F9F5F2B5981770025990F;
					};
				};
			};
			buildConfigurationList = F72F9F5B2B5981770025990F /* Build configuration list for PBXProject "TDDToDo" */;
			compatibilityVersion = "Xcode 14.0";
			developmentRegion = en;
			hasScannedForEncodings = 0;
			knownRegions = (
				en,
				Base,
			);
			mainGroup = F72F9F572B5981770025990F;
			packageReferences = (
				F796B75A2B6DFA00008474E0 /* XCRemoteSwiftPackageReference "ViewInspector" */,
			);
			productRefGroup = F72F9F612B5981770025990F /* Products */;
			projectDirPath = "";
			projectRoot = "";
			targets = (
				F72F9F5F2B5981770025990F /* TDDToDo */,
				F72F9F752B59818E0025990F /* TDDToDoTests */,
				F72F9F7F2B59818E0025990F /* TDDToDoUITests */,
			);
		};
/* End PBXProject section */

/* Begin PBXResourcesBuildPhase section */
		F72F9F5E2B5981770025990F /* Resources */ = {
			isa = PBXResourcesBuildPhase;
			buildActionMask = 2147483647;
			files = (
				F72F9F702B59818E0025990F /* LaunchScreen.storyboard in Resources */,
				F72F9F6D2B59818E0025990F /* Assets.xcassets in Resources */,
				F72F9F6B2B5981770025990F /* Main.storyboard in Resources */,
			);
			runOnlyForDeploymentPostprocessing = 0;
		};
		F72F9F742B59818E0025990F /* Resources */ = {
			isa = PBXResourcesBuildPhase;
			buildActionMask = 2147483647;
			files = (
			);
			runOnlyForDeploymentPostprocessing = 0;
		};
		F72F9F7E2B59818E0025990F /* Resources */ = {
			isa = PBXResourcesBuildPhase;
			buildActionMask = 2147483647;
			files = (
			);
			runOnlyForDeploymentPostprocessing = 0;
		};
/* End PBXResourcesBuildPhase section */

/* Begin PBXSourcesBuildPhase section */
		F72F9F5C2B5981770025990F /* Sources */ = {
			isa = PBXSourcesBuildPhase;
			buildActionMask = 2147483647;
			files = (
				F72F9FA12B5C9F6D0025990F /* Coordinate.swift in Sources */,
				F71DA17D2B6F4F5200EC6BF7 /* APIClient.swift in Sources */,
				F72F9F682B5981770025990F /* ViewController.swift in Sources */,
				F796B7572B6DF4F1008474E0 /* ToDoItemInputView.swift in Sources */,
				F72F9FAD2B5E22050025990F /* ToDoItemCell.swift in Sources */,
				F78A71362B621D64006797F9 /* ToDoItemDetailsViewController.swift in Sources */,
				F72F9F642B5981770025990F /* AppDelegate.swift in Sources */,
				F72F9F992B5B30A90025990F /* Location.swift in Sources */,
				F72F9F972B5B2ADD0025990F /* ToDoItem.swift in Sources */,
				F72F9FA32B5CA4110025990F /* FileManagerExtension.swift in Sources */,
				F72F9FA92B5E189D0025990F /* ToDoItemsListViewController.swift in Sources */,
				F796B7592B6DF543008474E0 /* ToDoItemData.swift in Sources */,
				F72F9F9F2B5C6B130025990F /* ToDoItemStore.swift in Sources */,
				F72F9F662B5981770025990F /* SceneDelegate.swift in Sources */,
			);
			runOnlyForDeploymentPostprocessing = 0;
		};
		F72F9F722B59818E0025990F /* Sources */ = {
			isa = PBXSourcesBuildPhase;
			buildActionMask = 2147483647;
			files = (
				F796B7552B6DF485008474E0 /* ToDoItemInputViewTests.swift in Sources */,
				F78A71342B621CFF006797F9 /* ToDoItemDetailsViewControllerTests.swift in Sources */,
				F73D331D2B76FF30009597FA /* URLSessionProtocolMock.swift in Sources */,
				F72F9FA52B5E17CF0025990F /* ToDoItemsListViewControllerTests.swift in Sources */,
				F73D33192B75E26B009597FA /* APIClientTests.swift in Sources */,
				F71DA1812B71D2AF00EC6BF7 /* ToDoItemInputViewDelegateMock.swift in Sources */,
				F72F9F9D2B5C67ED0025990F /* ToDoItemStoreTests.swift in Sources */,
				F72F9FAB2B5E1D110025990F /* ToDoItemStoreProtocolMock.swift in Sources */,
				F72F9F952B5B2A390025990F /* ToDoItemTests.swift in Sources */,
				F72F9F9B2B5B31950025990F /* LocationTests.swift in Sources */,
				F73D331B2B75E3C5009597FA /* GeoCoderProtocolMock.swift in Sources */,
				F72F9FAF2B5E25800025990F /* ToDoItemCellTests.swift in Sources */,
				F7191B712B5F77D2009D1735 /* ToDoItemsListViewControllerProtocolMock.swift in Sources */,
				F71DA17F2B6F4FA900EC6BF7 /* APIClientMock.swift in Sources */,
			);
			runOnlyForDeploymentPostprocessing = 0;
		};
		F72F9F7C2B59818E0025990F /* Sources */ = {
			isa = PBXSourcesBuildPhase;
			buildActionMask = 2147483647;
			files = (
				F72F9F852B59818E0025990F /* ToDo_UIKitUITests.swift in Sources */,
				F72F9F872B59818E0025990F /* ToDo_UIKitUITestsLaunchTests.swift in Sources */,
			);
			runOnlyForDeploymentPostprocessing = 0;
		};
/* End PBXSourcesBuildPhase section */

/* Begin PBXTargetDependency section */
		F72F9F782B59818E0025990F /* PBXTargetDependency */ = {
			isa = PBXTargetDependency;
			target = F72F9F5F2B5981770025990F /* TDDToDo */;
			targetProxy = F72F9F772B59818E0025990F /* PBXContainerItemProxy */;
		};
		F72F9F822B59818E0025990F /* PBXTargetDependency */ = {
			isa = PBXTargetDependency;
			target = F72F9F5F2B5981770025990F /* TDDToDo */;
			targetProxy = F72F9F812B59818E0025990F /* PBXContainerItemProxy */;
		};
/* End PBXTargetDependency section */

/* Begin PBXVariantGroup section */
		F72F9F692B5981770025990F /* Main.storyboard */ = {
			isa = PBXVariantGroup;
			children = (
				F72F9F6A2B5981770025990F /* Base */,
			);
			name = Main.storyboard;
			sourceTree = "<group>";
		};
		F72F9F6E2B59818E0025990F /* LaunchScreen.storyboard */ = {
			isa = PBXVariantGroup;
			children = (
				F72F9F6F2B59818E0025990F /* Base */,
			);
			name = LaunchScreen.storyboard;
			sourceTree = "<group>";
		};
/* End PBXVariantGroup section */

/* Begin XCBuildConfiguration section */
		F72F9F882B59818E0025990F /* Debug */ = {
			isa = XCBuildConfiguration;
			buildSettings = {
				ALWAYS_SEARCH_USER_PATHS = NO;
				CLANG_ANALYZER_NONNULL = YES;
				CLANG_ANALYZER_NUMBER_OBJECT_CONVERSION = YES_AGGRESSIVE;
				CLANG_CXX_LANGUAGE_STANDARD = "gnu++20";
				CLANG_ENABLE_MODULES = YES;
				CLANG_ENABLE_OBJC_ARC = YES;
				CLANG_ENABLE_OBJC_WEAK = YES;
				CLANG_WARN_BLOCK_CAPTURE_AUTORELEASING = YES;
				CLANG_WARN_BOOL_CONVERSION = YES;
				CLANG_WARN_COMMA = YES;
				CLANG_WARN_CONSTANT_CONVERSION = YES;
				CLANG_WARN_DEPRECATED_OBJC_IMPLEMENTATIONS = YES;
				CLANG_WARN_DIRECT_OBJC_ISA_USAGE = YES_ERROR;
				CLANG_WARN_DOCUMENTATION_COMMENTS = YES;
				CLANG_WARN_EMPTY_BODY = YES;
				CLANG_WARN_ENUM_CONVERSION = YES;
				CLANG_WARN_INFINITE_RECURSION = YES;
				CLANG_WARN_INT_CONVERSION = YES;
				CLANG_WARN_NON_LITERAL_NULL_CONVERSION = YES;
				CLANG_WARN_OBJC_IMPLICIT_RETAIN_SELF = YES;
				CLANG_WARN_OBJC_LITERAL_CONVERSION = YES;
				CLANG_WARN_OBJC_ROOT_CLASS = YES_ERROR;
				CLANG_WARN_QUOTED_INCLUDE_IN_FRAMEWORK_HEADER = YES;
				CLANG_WARN_RANGE_LOOP_ANALYSIS = YES;
				CLANG_WARN_STRICT_PROTOTYPES = YES;
				CLANG_WARN_SUSPICIOUS_MOVE = YES;
				CLANG_WARN_UNGUARDED_AVAILABILITY = YES_AGGRESSIVE;
				CLANG_WARN_UNREACHABLE_CODE = YES;
				CLANG_WARN__DUPLICATE_METHOD_MATCH = YES;
				COPY_PHASE_STRIP = NO;
				DEBUG_INFORMATION_FORMAT = dwarf;
				ENABLE_STRICT_OBJC_MSGSEND = YES;
				ENABLE_TESTABILITY = YES;
				GCC_C_LANGUAGE_STANDARD = gnu11;
				GCC_DYNAMIC_NO_PIC = NO;
				GCC_NO_COMMON_BLOCKS = YES;
				GCC_OPTIMIZATION_LEVEL = 0;
				GCC_PREPROCESSOR_DEFINITIONS = (
					"DEBUG=1",
					"$(inherited)",
				);
				GCC_WARN_64_TO_32_BIT_CONVERSION = YES;
				GCC_WARN_ABOUT_RETURN_TYPE = YES_ERROR;
				GCC_WARN_UNDECLARED_SELECTOR = YES;
				GCC_WARN_UNINITIALIZED_AUTOS = YES_AGGRESSIVE;
				GCC_WARN_UNUSED_FUNCTION = YES;
				GCC_WARN_UNUSED_VARIABLE = YES;
				IPHONEOS_DEPLOYMENT_TARGET = 16.4;
				MTL_ENABLE_DEBUG_INFO = INCLUDE_SOURCE;
				MTL_FAST_MATH = YES;
				ONLY_ACTIVE_ARCH = YES;
				SDKROOT = iphoneos;
				SWIFT_ACTIVE_COMPILATION_CONDITIONS = DEBUG;
				SWIFT_OPTIMIZATION_LEVEL = "-Onone";
			};
			name = Debug;
		};
		F72F9F892B59818E0025990F /* Release */ = {
			isa = XCBuildConfiguration;
			buildSettings = {
				ALWAYS_SEARCH_USER_PATHS = NO;
				CLANG_ANALYZER_NONNULL = YES;
				CLANG_ANALYZER_NUMBER_OBJECT_CONVERSION = YES_AGGRESSIVE;
				CLANG_CXX_LANGUAGE_STANDARD = "gnu++20";
				CLANG_ENABLE_MODULES = YES;
				CLANG_ENABLE_OBJC_ARC = YES;
				CLANG_ENABLE_OBJC_WEAK = YES;
				CLANG_WARN_BLOCK_CAPTURE_AUTORELEASING = YES;
				CLANG_WARN_BOOL_CONVERSION = YES;
				CLANG_WARN_COMMA = YES;
				CLANG_WARN_CONSTANT_CONVERSION = YES;
				CLANG_WARN_DEPRECATED_OBJC_IMPLEMENTATIONS = YES;
				CLANG_WARN_DIRECT_OBJC_ISA_USAGE = YES_ERROR;
				CLANG_WARN_DOCUMENTATION_COMMENTS = YES;
				CLANG_WARN_EMPTY_BODY = YES;
				CLANG_WARN_ENUM_CONVERSION = YES;
				CLANG_WARN_INFINITE_RECURSION = YES;
				CLANG_WARN_INT_CONVERSION = YES;
				CLANG_WARN_NON_LITERAL_NULL_CONVERSION = YES;
				CLANG_WARN_OBJC_IMPLICIT_RETAIN_SELF = YES;
				CLANG_WARN_OBJC_LITERAL_CONVERSION = YES;
				CLANG_WARN_OBJC_ROOT_CLASS = YES_ERROR;
				CLANG_WARN_QUOTED_INCLUDE_IN_FRAMEWORK_HEADER = YES;
				CLANG_WARN_RANGE_LOOP_ANALYSIS = YES;
				CLANG_WARN_STRICT_PROTOTYPES = YES;
				CLANG_WARN_SUSPICIOUS_MOVE = YES;
				CLANG_WARN_UNGUARDED_AVAILABILITY = YES_AGGRESSIVE;
				CLANG_WARN_UNREACHABLE_CODE = YES;
				CLANG_WARN__DUPLICATE_METHOD_MATCH = YES;
				COPY_PHASE_STRIP = NO;
				DEBUG_INFORMATION_FORMAT = "dwarf-with-dsym";
				ENABLE_NS_ASSERTIONS = NO;
				ENABLE_STRICT_OBJC_MSGSEND = YES;
				GCC_C_LANGUAGE_STANDARD = gnu11;
				GCC_NO_COMMON_BLOCKS = YES;
				GCC_WARN_64_TO_32_BIT_CONVERSION = YES;
				GCC_WARN_ABOUT_RETURN_TYPE = YES_ERROR;
				GCC_WARN_UNDECLARED_SELECTOR = YES;
				GCC_WARN_UNINITIALIZED_AUTOS = YES_AGGRESSIVE;
				GCC_WARN_UNUSED_FUNCTION = YES;
				GCC_WARN_UNUSED_VARIABLE = YES;
				IPHONEOS_DEPLOYMENT_TARGET = 16.4;
				MTL_ENABLE_DEBUG_INFO = NO;
				MTL_FAST_MATH = YES;
				SDKROOT = iphoneos;
				SWIFT_COMPILATION_MODE = wholemodule;
				SWIFT_OPTIMIZATION_LEVEL = "-O";
				VALIDATE_PRODUCT = YES;
			};
			name = Release;
		};
		F72F9F8B2B59818E0025990F /* Debug */ = {
			isa = XCBuildConfiguration;
			buildSettings = {
				ASSETCATALOG_COMPILER_APPICON_NAME = AppIcon;
				ASSETCATALOG_COMPILER_GLOBAL_ACCENT_COLOR_NAME = AccentColor;
				CODE_SIGN_STYLE = Automatic;
				CURRENT_PROJECT_VERSION = 1;
				DEVELOPMENT_TEAM = 2X792CPSD3;
				GENERATE_INFOPLIST_FILE = YES;
				INFOPLIST_FILE = TDDToDo/Info.plist;
				INFOPLIST_KEY_UIApplicationSupportsIndirectInputEvents = YES;
				INFOPLIST_KEY_UILaunchStoryboardName = LaunchScreen;
				INFOPLIST_KEY_UIMainStoryboardFile = Main;
				INFOPLIST_KEY_UISupportedInterfaceOrientations_iPad = "UIInterfaceOrientationPortrait UIInterfaceOrientationPortraitUpsideDown UIInterfaceOrientationLandscapeLeft UIInterfaceOrientationLandscapeRight";
				INFOPLIST_KEY_UISupportedInterfaceOrientations_iPhone = "UIInterfaceOrientationPortrait UIInterfaceOrientationLandscapeLeft UIInterfaceOrientationLandscapeRight";
				LD_RUNPATH_SEARCH_PATHS = (
					"$(inherited)",
					"@executable_path/Frameworks",
				);
				MARKETING_VERSION = 1.0;
				PRODUCT_BUNDLE_IDENTIFIER = com.spencer.TDDToDo;
				PRODUCT_NAME = "$(TARGET_NAME)";
				SWIFT_EMIT_LOC_STRINGS = YES;
				SWIFT_VERSION = 5.0;
				TARGETED_DEVICE_FAMILY = "1,2";
			};
			name = Debug;
		};
		F72F9F8C2B59818E0025990F /* Release */ = {
			isa = XCBuildConfiguration;
			buildSettings = {
				ASSETCATALOG_COMPILER_APPICON_NAME = AppIcon;
				ASSETCATALOG_COMPILER_GLOBAL_ACCENT_COLOR_NAME = AccentColor;
				CODE_SIGN_STYLE = Automatic;
				CURRENT_PROJECT_VERSION = 1;
				DEVELOPMENT_TEAM = 2X792CPSD3;
				GENERATE_INFOPLIST_FILE = YES;
				INFOPLIST_FILE = TDDToDo/Info.plist;
				INFOPLIST_KEY_UIApplicationSupportsIndirectInputEvents = YES;
				INFOPLIST_KEY_UILaunchStoryboardName = LaunchScreen;
				INFOPLIST_KEY_UIMainStoryboardFile = Main;
				INFOPLIST_KEY_UISupportedInterfaceOrientations_iPad = "UIInterfaceOrientationPortrait UIInterfaceOrientationPortraitUpsideDown UIInterfaceOrientationLandscapeLeft UIInterfaceOrientationLandscapeRight";
				INFOPLIST_KEY_UISupportedInterfaceOrientations_iPhone = "UIInterfaceOrientationPortrait UIInterfaceOrientationLandscapeLeft UIInterfaceOrientationLandscapeRight";
				LD_RUNPATH_SEARCH_PATHS = (
					"$(inherited)",
					"@executable_path/Frameworks",
				);
				MARKETING_VERSION = 1.0;
				PRODUCT_BUNDLE_IDENTIFIER = com.spencer.TDDToDo;
				PRODUCT_NAME = "$(TARGET_NAME)";
				SWIFT_EMIT_LOC_STRINGS = YES;
				SWIFT_VERSION = 5.0;
				TARGETED_DEVICE_FAMILY = "1,2";
			};
			name = Release;
		};
		F72F9F8E2B59818E0025990F /* Debug */ = {
			isa = XCBuildConfiguration;
			buildSettings = {
				ALWAYS_EMBED_SWIFT_STANDARD_LIBRARIES = YES;
				BUNDLE_LOADER = "$(TEST_HOST)";
				CODE_SIGN_STYLE = Automatic;
				CURRENT_PROJECT_VERSION = 1;
				DEVELOPMENT_TEAM = 2X792CPSD3;
				GCC_PREFIX_HEADER = TDDToDo;
				GENERATE_INFOPLIST_FILE = YES;
				IPHONEOS_DEPLOYMENT_TARGET = 16.4;
				MARKETING_VERSION = 1.0;
				PRODUCT_BUNDLE_IDENTIFIER = com.spencer.TDDToDoTests;
				PRODUCT_NAME = "$(TARGET_NAME)";
				SWIFT_EMIT_LOC_STRINGS = NO;
				SWIFT_VERSION = 5.0;
				TARGETED_DEVICE_FAMILY = "1,2";
				TEST_HOST = "$(BUILT_PRODUCTS_DIR)/TDDToDo.app/$(BUNDLE_EXECUTABLE_FOLDER_PATH)/TDDToDo";
			};
			name = Debug;
		};
		F72F9F8F2B59818E0025990F /* Release */ = {
			isa = XCBuildConfiguration;
			buildSettings = {
				ALWAYS_EMBED_SWIFT_STANDARD_LIBRARIES = YES;
				BUNDLE_LOADER = "$(TEST_HOST)";
				CODE_SIGN_STYLE = Automatic;
				CURRENT_PROJECT_VERSION = 1;
				DEVELOPMENT_TEAM = 2X792CPSD3;
				GCC_PREFIX_HEADER = TDDToDo;
				GENERATE_INFOPLIST_FILE = YES;
				IPHONEOS_DEPLOYMENT_TARGET = 16.4;
				MARKETING_VERSION = 1.0;
				PRODUCT_BUNDLE_IDENTIFIER = com.spencer.TDDToDoTests;
				PRODUCT_NAME = "$(TARGET_NAME)";
				SWIFT_EMIT_LOC_STRINGS = NO;
				SWIFT_VERSION = 5.0;
				TARGETED_DEVICE_FAMILY = "1,2";
				TEST_HOST = "$(BUILT_PRODUCTS_DIR)/TDDToDo.app/$(BUNDLE_EXECUTABLE_FOLDER_PATH)/TDDToDo";
			};
			name = Release;
		};
		F72F9F912B59818E0025990F /* Debug */ = {
			isa = XCBuildConfiguration;
			buildSettings = {
				ALWAYS_EMBED_SWIFT_STANDARD_LIBRARIES = YES;
				CODE_SIGN_STYLE = Automatic;
				CURRENT_PROJECT_VERSION = 1;
				DEVELOPMENT_TEAM = 2X792CPSD3;
				GENERATE_INFOPLIST_FILE = YES;
				MARKETING_VERSION = 1.0;
				PRODUCT_BUNDLE_IDENTIFIER = "com.spencer.ToDo-UIKitUITests";
				PRODUCT_NAME = "$(TARGET_NAME)";
				SWIFT_EMIT_LOC_STRINGS = NO;
				SWIFT_VERSION = 5.0;
				TARGETED_DEVICE_FAMILY = "1,2";
				TEST_TARGET_NAME = "ToDo-UIKit";
			};
			name = Debug;
		};
		F72F9F922B59818E0025990F /* Release */ = {
			isa = XCBuildConfiguration;
			buildSettings = {
				ALWAYS_EMBED_SWIFT_STANDARD_LIBRARIES = YES;
				CODE_SIGN_STYLE = Automatic;
				CURRENT_PROJECT_VERSION = 1;
				DEVELOPMENT_TEAM = 2X792CPSD3;
				GENERATE_INFOPLIST_FILE = YES;
				MARKETING_VERSION = 1.0;
				PRODUCT_BUNDLE_IDENTIFIER = "com.spencer.ToDo-UIKitUITests";
				PRODUCT_NAME = "$(TARGET_NAME)";
				SWIFT_EMIT_LOC_STRINGS = NO;
				SWIFT_VERSION = 5.0;
				TARGETED_DEVICE_FAMILY = "1,2";
				TEST_TARGET_NAME = "ToDo-UIKit";
			};
			name = Release;
		};
/* End XCBuildConfiguration section */

/* Begin XCConfigurationList section */
		F72F9F5B2B5981770025990F /* Build configuration list for PBXProject "TDDToDo" */ = {
			isa = XCConfigurationList;
			buildConfigurations = (
				F72F9F882B59818E0025990F /* Debug */,
				F72F9F892B59818E0025990F /* Release */,
			);
			defaultConfigurationIsVisible = 0;
			defaultConfigurationName = Release;
		};
		F72F9F8A2B59818E0025990F /* Build configuration list for PBXNativeTarget "TDDToDo" */ = {
			isa = XCConfigurationList;
			buildConfigurations = (
				F72F9F8B2B59818E0025990F /* Debug */,
				F72F9F8C2B59818E0025990F /* Release */,
			);
			defaultConfigurationIsVisible = 0;
			defaultConfigurationName = Release;
		};
		F72F9F8D2B59818E0025990F /* Build configuration list for PBXNativeTarget "TDDToDoTests" */ = {
			isa = XCConfigurationList;
			buildConfigurations = (
				F72F9F8E2B59818E0025990F /* Debug */,
				F72F9F8F2B59818E0025990F /* Release */,
			);
			defaultConfigurationIsVisible = 0;
			defaultConfigurationName = Release;
		};
		F72F9F902B59818E0025990F /* Build configuration list for PBXNativeTarget "TDDToDoUITests" */ = {
			isa = XCConfigurationList;
			buildConfigurations = (
				F72F9F912B59818E0025990F /* Debug */,
				F72F9F922B59818E0025990F /* Release */,
			);
			defaultConfigurationIsVisible = 0;
			defaultConfigurationName = Release;
		};
/* End XCConfigurationList section */

/* Begin XCRemoteSwiftPackageReference section */
		F796B75A2B6DFA00008474E0 /* XCRemoteSwiftPackageReference "ViewInspector" */ = {
			isa = XCRemoteSwiftPackageReference;
			repositoryURL = "https://github.com/nalexn/ViewInspector.git";
			requirement = {
				kind = upToNextMajorVersion;
				minimumVersion = 0.9.0;
			};
		};
/* End XCRemoteSwiftPackageReference section */

/* Begin XCSwiftPackageProductDependency section */
		F796B75B2B6DFA00008474E0 /* ViewInspector */ = {
			isa = XCSwiftPackageProductDependency;
			package = F796B75A2B6DFA00008474E0 /* XCRemoteSwiftPackageReference "ViewInspector" */;
			productName = ViewInspector;
		};
/* End XCSwiftPackageProductDependency section */
	};
	rootObject = F72F9F582B5981770025990F /* Project object */;
}
